
Microsoft Visual Studio Solution File, Format Version 12.00
Project("{FAE04EC0-301F-11D3-BF4B-00C04F79EFBC}") = "ZebraApp", "ZebraApp\ZebraApp.csproj", "{84E5CB92-B46E-4177-9563-D8DBBC39B781}"
	ProjectSection(ProjectDependencies) = postProject
		{A6E669F7-A5D9-4155-B7AA-C18DFF88F390} = {A6E669F7-A5D9-4155-B7AA-C18DFF88F390}
		{8B74F97E-2365-4D71-8BDE-85922B790179} = {8B74F97E-2365-4D71-8BDE-85922B790179}
	EndProjectSection
EndProject
Global
	GlobalSection(SolutionConfigurationPlatforms) = preSolution
		Debug|Any CPU = Debug|Any CPU
		Release|Any CPU = Release|Any CPU
	EndGlobalSection
	GlobalSection(ProjectConfigurationPlatforms) = postSolution
		{84E5CB92-B46E-4177-9563-D8DBBC39B781}.Debug|Any CPU.ActiveCfg = Debug|Any CPU
		{84E5CB92-B46E-4177-9563-D8DBBC39B781}.Debug|Any CPU.Build.0 = Debug|Any CPU
		{84E5CB92-B46E-4177-9563-D8DBBC39B781}.Release|Any CPU.ActiveCfg = Release|Any CPU
		{84E5CB92-B46E-4177-9563-D8DBBC39B781}.Release|Any CPU.Build.0 = Release|Any CPU
	EndGlobalSection
EndGlobal
